
Microsoft Visual Studio Solution File, Format Version 12.00
# Visual Studio 15
VisualStudioVersion = 15.0.28307.572
MinimumVisualStudioVersion = 10.0.40219.1
Project("{FAE04EC0-301F-11D3-BF4B-00C04F79EFBC}") = "ExerciseB1_Q2", "ExerciseB1_Q2\ExerciseB1_Q2.csproj", "{019DECF1-5BF9-41C2-AE70-861E00E44947}"
EndProject
Global
	GlobalSection(SolutionConfigurationPlatforms) = preSolution
		Debug|Any CPU = Debug|Any CPU
		Release|Any CPU = Release|Any CPU
	EndGlobalSection
	GlobalSection(ProjectConfigurationPlatforms) = postSolution
		{019DECF1-5BF9-41C2-AE70-861E00E44947}.Debug|Any CPU.ActiveCfg = Debug|Any CPU
		{019DECF1-5BF9-41C2-AE70-861E00E44947}.Debug|Any CPU.Build.0 = Debug|Any CPU
		{019DECF1-5BF9-41C2-AE70-861E00E44947}.Release|Any CPU.ActiveCfg = Release|Any CPU
		{019DECF1-5BF9-41C2-AE70-861E00E44947}.Release|Any CPU.Build.0 = Release|Any CPU
	EndGlobalSection
	GlobalSection(SolutionProperties) = preSolution
		HideSolutionNode = FALSE
	EndGlobalSection
	GlobalSection(ExtensibilityGlobals) = postSolution
		SolutionGuid = {CEAD07A3-86B9-4DFE-BEBC-5F0ED84B93A3}
	EndGlobalSection
EndGlobal
